
Microsoft Visual Studio Solution File, Format Version 12.00
# Visual Studio Version 17
VisualStudioVersion = 17.11.35312.102
MinimumVisualStudioVersion = 10.0.40219.1
Project("{FAE04EC0-301F-11D3-BF4B-00C04F79EFBC}") = "GladLogsApi", "GladLogsApi.csproj", "{B1243722-72CA-4455-8BF2-9FC992DA3C07}"
EndProject
Global
	GlobalSection(SolutionConfigurationPlatforms) = preSolution
		Debug|Any CPU = Debug|Any CPU
		Release|Any CPU = Release|Any CPU
	EndGlobalSection
	GlobalSection(ProjectConfigurationPlatforms) = postSolution
		{B1243722-72CA-4455-8BF2-9FC992DA3C07}.Debug|Any CPU.ActiveCfg = Debug|Any CPU
		{B1243722-72CA-4455-8BF2-9FC992DA3C07}.Debug|Any CPU.Build.0 = Debug|Any CPU
		{B1243722-72CA-4455-8BF2-9FC992DA3C07}.Release|Any CPU.ActiveCfg = Release|Any CPU
		{B1243722-72CA-4455-8BF2-9FC992DA3C07}.Release|Any CPU.Build.0 = Release|Any CPU
	EndGlobalSection
	GlobalSection(SolutionProperties) = preSolution
		HideSolutionNode = FALSE
	EndGlobalSection
	GlobalSection(ExtensibilityGlobals) = postSolution
		SolutionGuid = {18067994-0143-4BC2-B955-E281F3904EBC}
	EndGlobalSection
EndGlobal
